
Microsoft Visual Studio Solution File, Format Version 12.00
# Visual Studio Version 17
VisualStudioVersion = 17.5.33530.505
MinimumVisualStudioVersion = 10.0.40219.1
Project("{FAE04EC0-301F-11D3-BF4B-00C04F79EFBC}") = "Projeto quatro", "Projeto quatro\Projeto quatro.csproj", "{D4B27520-3FB5-4443-975E-6198576EDF57}"
EndProject
Global
	GlobalSection(SolutionConfigurationPlatforms) = preSolution
		Debug|Any CPU = Debug|Any CPU
		Release|Any CPU = Release|Any CPU
	EndGlobalSection
	GlobalSection(ProjectConfigurationPlatforms) = postSolution
		{D4B27520-3FB5-4443-975E-6198576EDF57}.Debug|Any CPU.ActiveCfg = Debug|Any CPU
		{D4B27520-3FB5-4443-975E-6198576EDF57}.Debug|Any CPU.Build.0 = Debug|Any CPU
		{D4B27520-3FB5-4443-975E-6198576EDF57}.Release|Any CPU.ActiveCfg = Release|Any CPU
		{D4B27520-3FB5-4443-975E-6198576EDF57}.Release|Any CPU.Build.0 = Release|Any CPU
	EndGlobalSection
	GlobalSection(SolutionProperties) = preSolution
		HideSolutionNode = FALSE
	EndGlobalSection
	GlobalSection(ExtensibilityGlobals) = postSolution
		SolutionGuid = {3273DD08-9C34-4B7C-8680-3751FC8432E0}
	EndGlobalSection
EndGlobal
